
Microsoft Visual Studio Solution File, Format Version 12.00
# Visual Studio Version 16
VisualStudioVersion = 16.0.30002.166
MinimumVisualStudioVersion = 10.0.40219.1
Project("{FAE04EC0-301F-11D3-BF4B-00C04F79EFBC}") = "ServantInfo.WebApplication", "ServantInfo.WebApplication\ServantInfo.WebApplication.csproj", "{9BDE3E92-A090-4412-B2D4-7547C948DFE3}"
	ProjectSection(ProjectDependencies) = postProject
		{D6EDAC3D-A951-4F7A-8AB4-FD36225B0E1B} = {D6EDAC3D-A951-4F7A-8AB4-FD36225B0E1B}
		{C12D92CB-9EF3-4CB2-9985-83FCB8FD256C} = {C12D92CB-9EF3-4CB2-9985-83FCB8FD256C}
	EndProjectSection
EndProject
Project("{FAE04EC0-301F-11D3-BF4B-00C04F79EFBC}") = "ServantInfo.Objects", "ServantInfo.Objects\ServantInfo.Objects.csproj", "{D6EDAC3D-A951-4F7A-8AB4-FD36225B0E1B}"
EndProject
Project("{FAE04EC0-301F-11D3-BF4B-00C04F79EFBC}") = "ServantInfo.Requests", "ServantInfo.Requests\ServantInfo.Requests.csproj", "{C12D92CB-9EF3-4CB2-9985-83FCB8FD256C}"
EndProject
Global
	GlobalSection(SolutionConfigurationPlatforms) = preSolution
		Debug|Any CPU = Debug|Any CPU
		Release|Any CPU = Release|Any CPU
	EndGlobalSection
	GlobalSection(ProjectConfigurationPlatforms) = postSolution
		{9BDE3E92-A090-4412-B2D4-7547C948DFE3}.Debug|Any CPU.ActiveCfg = Debug|Any CPU
		{9BDE3E92-A090-4412-B2D4-7547C948DFE3}.Debug|Any CPU.Build.0 = Debug|Any CPU
		{9BDE3E92-A090-4412-B2D4-7547C948DFE3}.Release|Any CPU.ActiveCfg = Release|Any CPU
		{9BDE3E92-A090-4412-B2D4-7547C948DFE3}.Release|Any CPU.Build.0 = Release|Any CPU
		{D6EDAC3D-A951-4F7A-8AB4-FD36225B0E1B}.Debug|Any CPU.ActiveCfg = Debug|Any CPU
		{D6EDAC3D-A951-4F7A-8AB4-FD36225B0E1B}.Debug|Any CPU.Build.0 = Debug|Any CPU
		{D6EDAC3D-A951-4F7A-8AB4-FD36225B0E1B}.Release|Any CPU.ActiveCfg = Release|Any CPU
		{D6EDAC3D-A951-4F7A-8AB4-FD36225B0E1B}.Release|Any CPU.Build.0 = Release|Any CPU
		{C12D92CB-9EF3-4CB2-9985-83FCB8FD256C}.Debug|Any CPU.ActiveCfg = Debug|Any CPU
		{C12D92CB-9EF3-4CB2-9985-83FCB8FD256C}.Debug|Any CPU.Build.0 = Debug|Any CPU
		{C12D92CB-9EF3-4CB2-9985-83FCB8FD256C}.Release|Any CPU.ActiveCfg = Release|Any CPU
		{C12D92CB-9EF3-4CB2-9985-83FCB8FD256C}.Release|Any CPU.Build.0 = Release|Any CPU
	EndGlobalSection
	GlobalSection(SolutionProperties) = preSolution
		HideSolutionNode = FALSE
	EndGlobalSection
	GlobalSection(ExtensibilityGlobals) = postSolution
		SolutionGuid = {2BBEDFC0-A8F2-4B67-A173-D2F2B347A82D}
	EndGlobalSection
EndGlobal
